Microsoft Visual Studio Solution File, Format Version 12.00
# Visual Studio Version 17
VisualStudioVersion = 17.0.31903.59
MinimumVisualStudioVersion = 10.0.40219.1
Project("{FAE04EC0-301F-11D3-BF4B-00C04F79EFBC}") = "GkProductionWorker", "src\GkProductionWorker\GkProductionWorker.csproj", "{C8FCB118-25C0-4EB2-B156-A0EBD2944AAA}"
EndProject
Project("{FAE04EC0-301F-11D3-BF4B-00C04F79EFBC}") = "GkProductionWorker.Tests", "tests\GkProductionWorker.Tests\GkProductionWorker.Tests.csproj", "{342AB776-575F-405C-9E6E-4280AB518BBB}"
EndProject
Global
	GlobalSection(SolutionConfigurationPlatforms) = preSolution
		Debug|Any CPU = Debug|Any CPU
		Release|Any CPU = Release|Any CPU
	EndGlobalSection
	GlobalSection(ProjectConfigurationPlatforms) = postSolution
		{C8FCB118-25C0-4EB2-B156-A0EBD2944AAA}.Debug|Any CPU.ActiveCfg = Debug|Any CPU
		{C8FCB118-25C0-4EB2-B156-A0EBD2944AAA}.Debug|Any CPU.Build.0 = Debug|Any CPU
		{C8FCB118-25C0-4EB2-B156-A0EBD2944AAA}.Release|Any CPU.ActiveCfg = Release|Any CPU
		{C8FCB118-25C0-4EB2-B156-A0EBD2944AAA}.Release|Any CPU.Build.0 = Release|Any CPU
		{342AB776-575F-405C-9E6E-4280AB518BBB}.Debug|Any CPU.ActiveCfg = Debug|Any CPU
		{342AB776-575F-405C-9E6E-4280AB518BBB}.Debug|Any CPU.Build.0 = Debug|Any CPU
		{342AB776-575F-405C-9E6E-4280AB518BBB}.Release|Any CPU.ActiveCfg = Release|Any CPU
		{342AB776-575F-405C-9E6E-4280AB518BBB}.Release|Any CPU.Build.0 = Release|Any CPU
	EndGlobalSection
EndGlobal

